<?xml version="1.0" encoding="utf-8"?>
<Project ToolsVersion="4.0" xmlns="http://schemas.microsoft.com/developer/msbuild/2003">
  <ItemGroup>
    <Filter Include="Private">
      <UniqueIdentifier>{4FC737F1-C7A5-4376-A066-2A32D752A2FF}</UniqueIdentifier>
      <Extensions>cpp;c;cc;cxx;c++;cppm;ixx;def;odl;idl;hpj;bat;asm;asmx</Extensions>
    </Filter>
    <Filter Include="Public">
      <UniqueIdentifier>{93995380-89BD-4b04-88EB-625FBE52EBFB}</UniqueIdentifier>
      <Extensions>h;hh;hpp;hxx;h++;hm;inl;inc;ipp;xsd</Extensions>
    </Filter>
    <Filter Include="Public\WindowsAPI">
      <UniqueIdentifier>{dff28de4-720b-4fed-b199-7821e6b783d5}</UniqueIdentifier>
    </Filter>
    <Filter Include="Public\DirectXTK">
      <UniqueIdentifier>{37cb9e01-f9a9-4efd-bbdc-786b5692f2ac}</UniqueIdentifier>
    </Filter>
  </ItemGroup>
  <ItemGroup>
    <ClInclude Include="targetver.h">
      <Filter>Public\WindowsAPI</Filter>
    </ClInclude>
    <ClInclude Include="GraphicsProject.h">
      <Filter>Public\WindowsAPI</Filter>
    </ClInclude>
    <ClInclude Include="Resource.h">
      <Filter>Public\WindowsAPI</Filter>
    </ClInclude>
    <ClInclude Include="framework.h">
      <Filter>Public\WindowsAPI</Filter>
    </ClInclude>
    <ClInclude Include="..\DirectXTK\DDSTextureLoader.h">
      <Filter>Public\DirectXTK</Filter>
    </ClInclude>
    <ClInclude Include="..\DirectXTK\DirectXHelpers.h">
      <Filter>Public\DirectXTK</Filter>
    </ClInclude>
    <ClInclude Include="..\DirectXTK\Effects.h">
      <Filter>Public\DirectXTK</Filter>
    </ClInclude>
    <ClInclude Include="..\DirectXTK\GamePad.h">
      <Filter>Public\DirectXTK</Filter>
    </ClInclude>
    <ClInclude Include="..\DirectXTK\GeometricPrimitive.h">
      <Filter>Public\DirectXTK</Filter>
    </ClInclude>
    <ClInclude Include="..\DirectXTK\GraphicsMemory.h">
      <Filter>Public\DirectXTK</Filter>
    </ClInclude>
    <ClInclude Include="..\DirectXTK\Keyboard.h">
      <Filter>Public\DirectXTK</Filter>
    </ClInclude>
    <ClInclude Include="..\DirectXTK\Model.h">
      <Filter>Public\DirectXTK</Filter>
    </ClInclude>
    <ClInclude Include="..\DirectXTK\Mouse.h">
      <Filter>Public\DirectXTK</Filter>
    </ClInclude>
    <ClInclude Include="..\DirectXTK\PostProcess.h">
      <Filter>Public\DirectXTK</Filter>
    </ClInclude>
    <ClInclude Include="..\DirectXTK\PrimitiveBatch.h">
      <Filter>Public\DirectXTK</Filter>
    </ClInclude>
    <ClInclude Include="..\DirectXTK\ScreenGrab.h">
      <Filter>Public\DirectXTK</Filter>
    </ClInclude>
    <ClInclude Include="..\DirectXTK\SimpleMath.h">
      <Filter>Public\DirectXTK</Filter>
    </ClInclude>
    <ClInclude Include="..\DirectXTK\SpriteBatch.h">
      <Filter>Public\DirectXTK</Filter>
    </ClInclude>
    <ClInclude Include="..\DirectXTK\SpriteFont.h">
      <Filter>Public\DirectXTK</Filter>
    </ClInclude>
    <ClInclude Include="..\DirectXTK\VertexTypes.h">
      <Filter>Public\DirectXTK</Filter>
    </ClInclude>
    <ClInclude Include="..\DirectXTK\WICTextureLoader.h">
      <Filter>Public\DirectXTK</Filter>
    </ClInclude>
    <ClInclude Include="..\DirectXTK\XboxDDSTextureLoader.h">
      <Filter>Public\DirectXTK</Filter>
    </ClInclude>
    <ClInclude Include="..\DirectXTK\Audio.h">
      <Filter>Public\DirectXTK</Filter>
    </ClInclude>
    <ClInclude Include="..\DirectXTK\BufferHelpers.h">
      <Filter>Public\DirectXTK</Filter>
    </ClInclude>
    <ClInclude Include="..\DirectXTK\CommonStates.h">
      <Filter>Public\DirectXTK</Filter>
    </ClInclude>
  </ItemGroup>
  <ItemGroup>
    <ClCompile Include="Main.cpp">
      <Filter>Private</Filter>
    </ClCompile>
  </ItemGroup>
  <ItemGroup>
    <None Include="..\DirectXTK\SimpleMath.inl">
      <Filter>Public\DirectXTK</Filter>
    </None>
  </ItemGroup>
</Project>