<?xml version="1.0" encoding="utf-8"?>
<Project ToolsVersion="4.0" xmlns="http://schemas.microsoft.com/developer/msbuild/2003">
  <ItemGroup>
    <Filter Include="Private">
      <UniqueIdentifier>{4FC737F1-C7A5-4376-A066-2A32D752A2FF}</UniqueIdentifier>
      <Extensions>cpp;c;cc;cxx;c++;cppm;ixx;def;odl;idl;hpj;bat;asm;asmx</Extensions>
    </Filter>
    <Filter Include="Public">
      <UniqueIdentifier>{93995380-89BD-4b04-88EB-625FBE52EBFB}</UniqueIdentifier>
      <Extensions>h;hh;hpp;hxx;h++;hm;inl;inc;ipp;xsd</Extensions>
    </Filter>
    <Filter Include="Private\Main">
      <UniqueIdentifier>{a3b538f5-dc90-46f1-abdf-9edc525223bc}</UniqueIdentifier>
    </Filter>
    <Filter Include="Private\Engine">
      <UniqueIdentifier>{b04a204d-b989-4aba-8f24-0e20585f11a5}</UniqueIdentifier>
    </Filter>
    <Filter Include="Public\Engine">
      <UniqueIdentifier>{301d7e26-258b-4379-9737-75abb77aa313}</UniqueIdentifier>
    </Filter>
    <Filter Include="Private\Engine\Base">
      <UniqueIdentifier>{a1d97a3d-88a1-4d93-b48e-4049781bc837}</UniqueIdentifier>
    </Filter>
    <Filter Include="Public\Engine\Base">
      <UniqueIdentifier>{f73e1486-91ff-4e3e-93cb-554aeccdb0d9}</UniqueIdentifier>
    </Filter>
    <Filter Include="Private\Engine\Render">
      <UniqueIdentifier>{c0c83eb6-7f0e-476b-b293-e59c2c2fb05b}</UniqueIdentifier>
    </Filter>
    <Filter Include="Public\Engine\Render">
      <UniqueIdentifier>{c154dd79-867d-47df-890c-069abf37bb62}</UniqueIdentifier>
    </Filter>
    <Filter Include="Shader">
      <UniqueIdentifier>{54858211-7cfa-4db7-ba02-8748dcb86954}</UniqueIdentifier>
    </Filter>
    <Filter Include="Shader\VertexShader">
      <UniqueIdentifier>{f6c51662-017b-4ab8-b204-675741ae43c6}</UniqueIdentifier>
    </Filter>
    <Filter Include="Shader\PixelShader">
      <UniqueIdentifier>{de808d6d-96a8-4b68-8cd8-b21c64ce276b}</UniqueIdentifier>
    </Filter>
    <Filter Include="Public\Library">
      <UniqueIdentifier>{b753e72f-913c-436c-9377-984db863c68b}</UniqueIdentifier>
    </Filter>
    <Filter Include="Public\Library\STB">
      <UniqueIdentifier>{fe6cd94b-2ffa-4dce-b173-9b4eec7f9105}</UniqueIdentifier>
    </Filter>
    <Filter Include="Public\Library\DirectXTK">
      <UniqueIdentifier>{37cb9e01-f9a9-4efd-bbdc-786b5692f2ac}</UniqueIdentifier>
    </Filter>
    <Filter Include="Public\Library\WindowsAPI">
      <UniqueIdentifier>{dff28de4-720b-4fed-b199-7821e6b783d5}</UniqueIdentifier>
    </Filter>
    <Filter Include="Public\Library\IMGUI">
      <UniqueIdentifier>{c10f94b3-0457-4af5-a84e-646fa658fce8}</UniqueIdentifier>
    </Filter>
    <Filter Include="Shader\Header">
      <UniqueIdentifier>{0abf5dc3-bfc1-4e76-8905-dc78ea808d1a}</UniqueIdentifier>
    </Filter>
    <Filter Include="Public\Library\Assimp">
      <UniqueIdentifier>{14f7832c-c260-44ba-b1e7-f44ce26a8a3c}</UniqueIdentifier>
    </Filter>
    <Filter Include="Private\Content">
      <UniqueIdentifier>{177e82d0-1fff-421e-b805-b083f8b28bbc}</UniqueIdentifier>
    </Filter>
    <Filter Include="Public\Content">
      <UniqueIdentifier>{cf345a13-48d2-438b-955c-312f0460ccf6}</UniqueIdentifier>
    </Filter>
    <Filter Include="Private\Engine\Resource">
      <UniqueIdentifier>{de8a984b-52cb-4870-80e6-8b27424a9abf}</UniqueIdentifier>
    </Filter>
    <Filter Include="Public\Engine\Resource">
      <UniqueIdentifier>{ac949a5b-61f3-4ef9-8a9a-10eca00b3ba6}</UniqueIdentifier>
    </Filter>
    <Filter Include="Private\Engine\Render\PostProcess">
      <UniqueIdentifier>{a903bbc2-2592-4682-94f9-f9dc470e7146}</UniqueIdentifier>
    </Filter>
    <Filter Include="Public\Engine\Render\PostProcess">
      <UniqueIdentifier>{18db8785-4c42-45f0-8855-bc1628445b71}</UniqueIdentifier>
    </Filter>
  </ItemGroup>
  <ItemGroup>
    <ClInclude Include="targetver.h">
      <Filter>Public\Library\WindowsAPI</Filter>
    </ClInclude>
    <ClInclude Include="GraphicsProject.h">
      <Filter>Public\Library\WindowsAPI</Filter>
    </ClInclude>
    <ClInclude Include="Resource.h">
      <Filter>Public\Library\WindowsAPI</Filter>
    </ClInclude>
    <ClInclude Include="framework.h">
      <Filter>Public\Library\WindowsAPI</Filter>
    </ClInclude>
    <ClInclude Include="..\DirectXTK\DDSTextureLoader.h">
      <Filter>Public\Library\DirectXTK</Filter>
    </ClInclude>
    <ClInclude Include="..\DirectXTK\DirectXHelpers.h">
      <Filter>Public\Library\DirectXTK</Filter>
    </ClInclude>
    <ClInclude Include="..\DirectXTK\Effects.h">
      <Filter>Public\Library\DirectXTK</Filter>
    </ClInclude>
    <ClInclude Include="..\DirectXTK\GamePad.h">
      <Filter>Public\Library\DirectXTK</Filter>
    </ClInclude>
    <ClInclude Include="..\DirectXTK\GeometricPrimitive.h">
      <Filter>Public\Library\DirectXTK</Filter>
    </ClInclude>
    <ClInclude Include="..\DirectXTK\GraphicsMemory.h">
      <Filter>Public\Library\DirectXTK</Filter>
    </ClInclude>
    <ClInclude Include="..\DirectXTK\Keyboard.h">
      <Filter>Public\Library\DirectXTK</Filter>
    </ClInclude>
    <ClInclude Include="..\DirectXTK\Model.h">
      <Filter>Public\Library\DirectXTK</Filter>
    </ClInclude>
    <ClInclude Include="..\DirectXTK\Mouse.h">
      <Filter>Public\Library\DirectXTK</Filter>
    </ClInclude>
    <ClInclude Include="..\DirectXTK\PostProcess.h">
      <Filter>Public\Library\DirectXTK</Filter>
    </ClInclude>
    <ClInclude Include="..\DirectXTK\PrimitiveBatch.h">
      <Filter>Public\Library\DirectXTK</Filter>
    </ClInclude>
    <ClInclude Include="..\DirectXTK\ScreenGrab.h">
      <Filter>Public\Library\DirectXTK</Filter>
    </ClInclude>
    <ClInclude Include="..\DirectXTK\SimpleMath.h">
      <Filter>Public\Library\DirectXTK</Filter>
    </ClInclude>
    <ClInclude Include="..\DirectXTK\SpriteBatch.h">
      <Filter>Public\Library\DirectXTK</Filter>
    </ClInclude>
    <ClInclude Include="..\DirectXTK\SpriteFont.h">
      <Filter>Public\Library\DirectXTK</Filter>
    </ClInclude>
    <ClInclude Include="..\DirectXTK\VertexTypes.h">
      <Filter>Public\Library\DirectXTK</Filter>
    </ClInclude>
    <ClInclude Include="..\DirectXTK\WICTextureLoader.h">
      <Filter>Public\Library\DirectXTK</Filter>
    </ClInclude>
    <ClInclude Include="..\DirectXTK\XboxDDSTextureLoader.h">
      <Filter>Public\Library\DirectXTK</Filter>
    </ClInclude>
    <ClInclude Include="..\DirectXTK\Audio.h">
      <Filter>Public\Library\DirectXTK</Filter>
    </ClInclude>
    <ClInclude Include="..\DirectXTK\BufferHelpers.h">
      <Filter>Public\Library\DirectXTK</Filter>
    </ClInclude>
    <ClInclude Include="..\DirectXTK\CommonStates.h">
      <Filter>Public\Library\DirectXTK</Filter>
    </ClInclude>
    <ClInclude Include="RenderBase.h">
      <Filter>Public\Engine\Render</Filter>
    </ClInclude>
    <ClInclude Include="BaseHeader.h">
      <Filter>Public\Engine\Base</Filter>
    </ClInclude>
    <ClInclude Include="EngineBase.h">
      <Filter>Public\Engine\Base</Filter>
    </ClInclude>
    <ClInclude Include="BoxRenderer.h">
      <Filter>Public\Content</Filter>
    </ClInclude>
    <ClInclude Include="..\STB\stb_image.h">
      <Filter>Public\Library\STB</Filter>
    </ClInclude>
    <ClInclude Include="..\IMGUI\imgui_impl_dx11.h">
      <Filter>Public\Library\IMGUI</Filter>
    </ClInclude>
    <ClInclude Include="..\IMGUI\imgui_impl_win32.h">
      <Filter>Public\Library\IMGUI</Filter>
    </ClInclude>
    <ClInclude Include="..\IMGUI\imgui_internal.h">
      <Filter>Public\Library\IMGUI</Filter>
    </ClInclude>
    <ClInclude Include="..\IMGUI\imstb_rectpack.h">
      <Filter>Public\Library\IMGUI</Filter>
    </ClInclude>
    <ClInclude Include="..\IMGUI\imstb_textedit.h">
      <Filter>Public\Library\IMGUI</Filter>
    </ClInclude>
    <ClInclude Include="..\IMGUI\imstb_truetype.h">
      <Filter>Public\Library\IMGUI</Filter>
    </ClInclude>
    <ClInclude Include="..\IMGUI\imconfig.h">
      <Filter>Public\Library\IMGUI</Filter>
    </ClInclude>
    <ClInclude Include="..\IMGUI\imgui.h">
      <Filter>Public\Library\IMGUI</Filter>
    </ClInclude>
    <ClInclude Include="..\Assimp\ai_assert.h">
      <Filter>Public\Library\Assimp</Filter>
    </ClInclude>
    <ClInclude Include="..\Assimp\anim.h">
      <Filter>Public\Library\Assimp</Filter>
    </ClInclude>
    <ClInclude Include="..\Assimp\AssertHandler.h">
      <Filter>Public\Library\Assimp</Filter>
    </ClInclude>
    <ClInclude Include="..\Assimp\aabb.h">
      <Filter>Public\Library\Assimp</Filter>
    </ClInclude>
    <ClInclude Include="..\Assimp\color4.h">
      <Filter>Public\Library\Assimp</Filter>
    </ClInclude>
    <ClInclude Include="..\Assimp\Base64.hpp">
      <Filter>Public\Library\Assimp</Filter>
    </ClInclude>
    <ClInclude Include="..\Assimp\BaseImporter.h">
      <Filter>Public\Library\Assimp</Filter>
    </ClInclude>
    <ClInclude Include="..\Assimp\Bitmap.h">
      <Filter>Public\Library\Assimp</Filter>
    </ClInclude>
    <ClInclude Include="..\Assimp\BlobIOSystem.h">
      <Filter>Public\Library\Assimp</Filter>
    </ClInclude>
    <ClInclude Include="..\Assimp\ByteSwapper.h">
      <Filter>Public\Library\Assimp</Filter>
    </ClInclude>
    <ClInclude Include="..\Assimp\camera.h">
      <Filter>Public\Library\Assimp</Filter>
    </ClInclude>
    <ClInclude Include="..\Assimp\cexport.h">
      <Filter>Public\Library\Assimp</Filter>
    </ClInclude>
    <ClInclude Include="..\Assimp\cfileio.h">
      <Filter>Public\Library\Assimp</Filter>
    </ClInclude>
    <ClInclude Include="..\Assimp\cimport.h">
      <Filter>Public\Library\Assimp</Filter>
    </ClInclude>
    <ClInclude Include="..\Assimp\ColladaMetaData.h">
      <Filter>Public\Library\Assimp</Filter>
    </ClInclude>
    <ClInclude Include="..\Assimp\vector3.h">
      <Filter>Public\Library\Assimp</Filter>
    </ClInclude>
    <ClInclude Include="..\Assimp\version.h">
      <Filter>Public\Library\Assimp</Filter>
    </ClInclude>
    <ClInclude Include="..\Assimp\Vertex.h">
      <Filter>Public\Library\Assimp</Filter>
    </ClInclude>
    <ClInclude Include="..\Assimp\XmlParser.h">
      <Filter>Public\Library\Assimp</Filter>
    </ClInclude>
    <ClInclude Include="..\Assimp\XMLTools.h">
      <Filter>Public\Library\Assimp</Filter>
    </ClInclude>
    <ClInclude Include="..\Assimp\ZipArchiveIOSystem.h">
      <Filter>Public\Library\Assimp</Filter>
    </ClInclude>
    <ClInclude Include="..\Assimp\commonMetaData.h">
      <Filter>Public\Library\Assimp</Filter>
    </ClInclude>
    <ClInclude Include="..\Assimp\config.h">
      <Filter>Public\Library\Assimp</Filter>
    </ClInclude>
    <ClInclude Include="..\Assimp\CreateAnimMesh.h">
      <Filter>Public\Library\Assimp</Filter>
    </ClInclude>
    <ClInclude Include="..\Assimp\DefaultIOStream.h">
      <Filter>Public\Library\Assimp</Filter>
    </ClInclude>
    <ClInclude Include="..\Assimp\DefaultIOSystem.h">
      <Filter>Public\Library\Assimp</Filter>
    </ClInclude>
    <ClInclude Include="..\Assimp\DefaultLogger.hpp">
      <Filter>Public\Library\Assimp</Filter>
    </ClInclude>
    <ClInclude Include="..\Assimp\defs.h">
      <Filter>Public\Library\Assimp</Filter>
    </ClInclude>
    <ClInclude Include="..\Assimp\Exceptional.h">
      <Filter>Public\Library\Assimp</Filter>
    </ClInclude>
    <ClInclude Include="..\Assimp\Exporter.hpp">
      <Filter>Public\Library\Assimp</Filter>
    </ClInclude>
    <ClInclude Include="..\Assimp\fast_atof.h">
      <Filter>Public\Library\Assimp</Filter>
    </ClInclude>
    <ClInclude Include="..\Assimp\GenericProperty.h">
      <Filter>Public\Library\Assimp</Filter>
    </ClInclude>
    <ClInclude Include="..\Assimp\GltfMaterial.h">
      <Filter>Public\Library\Assimp</Filter>
    </ClInclude>
    <ClInclude Include="..\Assimp\Hash.h">
      <Filter>Public\Library\Assimp</Filter>
    </ClInclude>
    <ClInclude Include="..\Assimp\Importer.hpp">
      <Filter>Public\Library\Assimp</Filter>
    </ClInclude>
    <ClInclude Include="..\Assimp\importerdesc.h">
      <Filter>Public\Library\Assimp</Filter>
    </ClInclude>
    <ClInclude Include="..\Assimp\IOStream.hpp">
      <Filter>Public\Library\Assimp</Filter>
    </ClInclude>
    <ClInclude Include="..\Assimp\IOStreamBuffer.h">
      <Filter>Public\Library\Assimp</Filter>
    </ClInclude>
    <ClInclude Include="..\Assimp\IOSystem.hpp">
      <Filter>Public\Library\Assimp</Filter>
    </ClInclude>
    <ClInclude Include="..\Assimp\light.h">
      <Filter>Public\Library\Assimp</Filter>
    </ClInclude>
    <ClInclude Include="..\Assimp\LineSplitter.h">
      <Filter>Public\Library\Assimp</Filter>
    </ClInclude>
    <ClInclude Include="..\Assimp\LogAux.h">
      <Filter>Public\Library\Assimp</Filter>
    </ClInclude>
    <ClInclude Include="..\Assimp\Logger.hpp">
      <Filter>Public\Library\Assimp</Filter>
    </ClInclude>
    <ClInclude Include="..\Assimp\LogStream.hpp">
      <Filter>Public\Library\Assimp</Filter>
    </ClInclude>
    <ClInclude Include="..\Assimp\material.h">
      <Filter>Public\Library\Assimp</Filter>
    </ClInclude>
    <ClInclude Include="..\Assimp\MathFunctions.h">
      <Filter>Public\Library\Assimp</Filter>
    </ClInclude>
    <ClInclude Include="..\Assimp\matrix3x3.h">
      <Filter>Public\Library\Assimp</Filter>
    </ClInclude>
    <ClInclude Include="..\Assimp\matrix4x4.h">
      <Filter>Public\Library\Assimp</Filter>
    </ClInclude>
    <ClInclude Include="..\Assimp\MemoryIOWrapper.h">
      <Filter>Public\Library\Assimp</Filter>
    </ClInclude>
    <ClInclude Include="..\Assimp\mesh.h">
      <Filter>Public\Library\Assimp</Filter>
    </ClInclude>
    <ClInclude Include="..\Assimp\metadata.h">
      <Filter>Public\Library\Assimp</Filter>
    </ClInclude>
    <ClInclude Include="..\Assimp\NullLogger.hpp">
      <Filter>Public\Library\Assimp</Filter>
    </ClInclude>
    <ClInclude Include="..\Assimp\ObjMaterial.h">
      <Filter>Public\Library\Assimp</Filter>
    </ClInclude>
    <ClInclude Include="..\Assimp\ParsingUtils.h">
      <Filter>Public\Library\Assimp</Filter>
    </ClInclude>
    <ClInclude Include="..\Assimp\pbrmaterial.h">
      <Filter>Public\Library\Assimp</Filter>
    </ClInclude>
    <ClInclude Include="..\Assimp\postprocess.h">
      <Filter>Public\Library\Assimp</Filter>
    </ClInclude>
    <ClInclude Include="..\Assimp\Profiler.h">
      <Filter>Public\Library\Assimp</Filter>
    </ClInclude>
    <ClInclude Include="..\Assimp\ProgressHandler.hpp">
      <Filter>Public\Library\Assimp</Filter>
    </ClInclude>
    <ClInclude Include="..\Assimp\qnan.h">
      <Filter>Public\Library\Assimp</Filter>
    </ClInclude>
    <ClInclude Include="..\Assimp\quaternion.h">
      <Filter>Public\Library\Assimp</Filter>
    </ClInclude>
    <ClInclude Include="..\Assimp\RemoveComments.h">
      <Filter>Public\Library\Assimp</Filter>
    </ClInclude>
    <ClInclude Include="..\Assimp\scene.h">
      <Filter>Public\Library\Assimp</Filter>
    </ClInclude>
    <ClInclude Include="..\Assimp\SceneCombiner.h">
      <Filter>Public\Library\Assimp</Filter>
    </ClInclude>
    <ClInclude Include="..\Assimp\SGSpatialSort.h">
      <Filter>Public\Library\Assimp</Filter>
    </ClInclude>
    <ClInclude Include="..\Assimp\SkeletonMeshBuilder.h">
      <Filter>Public\Library\Assimp</Filter>
    </ClInclude>
    <ClInclude Include="..\Assimp\SmallVector.h">
      <Filter>Public\Library\Assimp</Filter>
    </ClInclude>
    <ClInclude Include="..\Assimp\SmoothingGroups.h">
      <Filter>Public\Library\Assimp</Filter>
    </ClInclude>
    <ClInclude Include="..\Assimp\SpatialSort.h">
      <Filter>Public\Library\Assimp</Filter>
    </ClInclude>
    <ClInclude Include="..\Assimp\StandardShapes.h">
      <Filter>Public\Library\Assimp</Filter>
    </ClInclude>
    <ClInclude Include="..\Assimp\StreamReader.h">
      <Filter>Public\Library\Assimp</Filter>
    </ClInclude>
    <ClInclude Include="..\Assimp\StreamWriter.h">
      <Filter>Public\Library\Assimp</Filter>
    </ClInclude>
    <ClInclude Include="..\Assimp\StringComparison.h">
      <Filter>Public\Library\Assimp</Filter>
    </ClInclude>
    <ClInclude Include="..\Assimp\StringUtils.h">
      <Filter>Public\Library\Assimp</Filter>
    </ClInclude>
    <ClInclude Include="..\Assimp\Subdivision.h">
      <Filter>Public\Library\Assimp</Filter>
    </ClInclude>
    <ClInclude Include="..\Assimp\texture.h">
      <Filter>Public\Library\Assimp</Filter>
    </ClInclude>
    <ClInclude Include="..\Assimp\TinyFormatter.h">
      <Filter>Public\Library\Assimp</Filter>
    </ClInclude>
    <ClInclude Include="..\Assimp\types.h">
      <Filter>Public\Library\Assimp</Filter>
    </ClInclude>
    <ClInclude Include="..\Assimp\vector2.h">
      <Filter>Public\Library\Assimp</Filter>
    </ClInclude>
    <ClInclude Include="..\Assimp\port\AndroidJNI\AndroidJNIIOSystem.h">
      <Filter>Public\Library\Assimp</Filter>
    </ClInclude>
    <ClInclude Include="..\Assimp\port\AndroidJNI\BundledAssetIOSystem.h">
      <Filter>Public\Library\Assimp</Filter>
    </ClInclude>
    <ClInclude Include="..\Assimp\Compiler\poppack1.h">
      <Filter>Public\Library\Assimp</Filter>
    </ClInclude>
    <ClInclude Include="..\Assimp\Compiler\pstdint.h">
      <Filter>Public\Library\Assimp</Filter>
    </ClInclude>
    <ClInclude Include="..\Assimp\Compiler\pushpack1.h">
      <Filter>Public\Library\Assimp</Filter>
    </ClInclude>
    <ClInclude Include="Renderer.h">
      <Filter>Public\Engine\Render</Filter>
    </ClInclude>
    <ClInclude Include="ZeldaRenderer.h">
      <Filter>Public\Content</Filter>
    </ClInclude>
    <ClInclude Include="SphereRenderer.h">
      <Filter>Public\Content</Filter>
    </ClInclude>
    <ClInclude Include="ResourceManager.h">
      <Filter>Public\Engine\Resource</Filter>
    </ClInclude>
    <ClInclude Include="ScreenRenderer.h">
      <Filter>Public\Engine\Render</Filter>
    </ClInclude>
    <ClInclude Include="PostProcess.h">
      <Filter>Public\Engine\Render\PostProcess</Filter>
    </ClInclude>
    <ClInclude Include="BloomPostProcess.h">
      <Filter>Public\Engine\Render\PostProcess</Filter>
    </ClInclude>
  </ItemGroup>
  <ItemGroup>
    <None Include="..\DirectXTK\SimpleMath.inl">
      <Filter>Public\Library\DirectXTK</Filter>
    </None>
    <None Include="LightHeader.hlsli">
      <Filter>Shader\Header</Filter>
    </None>
    <None Include="..\Assimp\assimp-vc143-mtd.dll">
      <Filter>Public\Library\Assimp</Filter>
    </None>
    <None Include="..\Assimp\vector3.inl">
      <Filter>Public\Library\Assimp</Filter>
    </None>
    <None Include="..\Assimp\color4.inl">
      <Filter>Public\Library\Assimp</Filter>
    </None>
    <None Include="..\Assimp\config.h.in">
      <Filter>Public\Library\Assimp</Filter>
    </None>
    <None Include="..\Assimp\material.inl">
      <Filter>Public\Library\Assimp</Filter>
    </None>
    <None Include="..\Assimp\matrix3x3.inl">
      <Filter>Public\Library\Assimp</Filter>
    </None>
    <None Include="..\Assimp\matrix4x4.inl">
      <Filter>Public\Library\Assimp</Filter>
    </None>
    <None Include="..\Assimp\quaternion.inl">
      <Filter>Public\Library\Assimp</Filter>
    </None>
    <None Include="..\Assimp\SmoothingGroups.inl">
      <Filter>Public\Library\Assimp</Filter>
    </None>
    <None Include="..\Assimp\vector2.inl">
      <Filter>Public\Library\Assimp</Filter>
    </None>
  </ItemGroup>
  <ItemGroup>
    <ClCompile Include="Main.cpp">
      <Filter>Private\Main</Filter>
    </ClCompile>
    <ClCompile Include="RenderBase.cpp">
      <Filter>Private\Engine\Render</Filter>
    </ClCompile>
    <ClCompile Include="EngineBase.cpp">
      <Filter>Private\Engine\Base</Filter>
    </ClCompile>
    <ClCompile Include="BoxRenderer.cpp">
      <Filter>Private\Content</Filter>
    </ClCompile>
    <ClCompile Include="..\IMGUI\imgui_draw.cpp">
      <Filter>Public\Library\IMGUI</Filter>
    </ClCompile>
    <ClCompile Include="..\IMGUI\imgui_impl_dx11.cpp">
      <Filter>Public\Library\IMGUI</Filter>
    </ClCompile>
    <ClCompile Include="..\IMGUI\imgui_impl_win32.cpp">
      <Filter>Public\Library\IMGUI</Filter>
    </ClCompile>
    <ClCompile Include="..\IMGUI\imgui_tables.cpp">
      <Filter>Public\Library\IMGUI</Filter>
    </ClCompile>
    <ClCompile Include="..\IMGUI\imgui_widgets.cpp">
      <Filter>Public\Library\IMGUI</Filter>
    </ClCompile>
    <ClCompile Include="..\IMGUI\imgui.cpp">
      <Filter>Public\Library\IMGUI</Filter>
    </ClCompile>
    <ClCompile Include="..\IMGUI\imgui_demo.cpp">
      <Filter>Public\Library\IMGUI</Filter>
    </ClCompile>
    <ClCompile Include="Renderer.cpp">
      <Filter>Private\Engine\Render</Filter>
    </ClCompile>
    <ClCompile Include="ZeldaRenderer.cpp">
      <Filter>Private\Content</Filter>
    </ClCompile>
    <ClCompile Include="ResourceManager.cpp">
      <Filter>Private\Engine\Resource</Filter>
    </ClCompile>
    <ClCompile Include="SphereRenderer.cpp">
      <Filter>Private\Content</Filter>
    </ClCompile>
    <ClCompile Include="ScreenRenderer.cpp">
      <Filter>Private\Engine\Render</Filter>
    </ClCompile>
    <ClCompile Include="PostProcess.cpp">
      <Filter>Private\Engine\Render\PostProcess</Filter>
    </ClCompile>
    <ClCompile Include="BloomPostProcess.cpp">
      <Filter>Private\Engine\Render\PostProcess</Filter>
    </ClCompile>
  </ItemGroup>
  <ItemGroup>
    <FxCompile Include="CubeMapPixelShader.hlsl">
      <Filter>Shader\PixelShader</Filter>
    </FxCompile>
    <FxCompile Include="CubeMapVertexShader.hlsl">
      <Filter>Shader\VertexShader</Filter>
    </FxCompile>
    <FxCompile Include="EnvMapPixelShader.hlsl">
      <Filter>Shader\PixelShader</Filter>
    </FxCompile>
    <FxCompile Include="EnvMapVertexShader.hlsl">
      <Filter>Shader\VertexShader</Filter>
    </FxCompile>
    <FxCompile Include="MeshLightPixelShader.hlsl">
      <Filter>Shader\PixelShader</Filter>
    </FxCompile>
    <FxCompile Include="MeshPixelShader.hlsl">
      <Filter>Shader\PixelShader</Filter>
    </FxCompile>
    <FxCompile Include="MeshLightVertexShader.hlsl">
      <Filter>Shader\VertexShader</Filter>
    </FxCompile>
    <FxCompile Include="MeshVertexShader.hlsl">
      <Filter>Shader\VertexShader</Filter>
    </FxCompile>
    <FxCompile Include="BloomPixelShader.hlsl">
      <Filter>Shader\PixelShader</Filter>
    </FxCompile>
    <FxCompile Include="BloomVertexShader.hlsl">
      <Filter>Shader\VertexShader</Filter>
    </FxCompile>
  </ItemGroup>
  <ItemGroup>
    <Library Include="..\Assimp\assimp-vc143-mtd.lib">
      <Filter>Public\Library\Assimp</Filter>
    </Library>
  </ItemGroup>
  <ItemGroup>
    <Text Include="해야 할 일.txt" />
  </ItemGroup>
</Project>