<?xml version="1.0" encoding="utf-8"?>
<Project ToolsVersion="4.0" xmlns="http://schemas.microsoft.com/developer/msbuild/2003">
  <ItemGroup>
    <Filter Include="Private">
      <UniqueIdentifier>{4FC737F1-C7A5-4376-A066-2A32D752A2FF}</UniqueIdentifier>
      <Extensions>cpp;c;cc;cxx;c++;cppm;ixx;def;odl;idl;hpj;bat;asm;asmx</Extensions>
    </Filter>
    <Filter Include="Public">
      <UniqueIdentifier>{93995380-89BD-4b04-88EB-625FBE52EBFB}</UniqueIdentifier>
      <Extensions>h;hh;hpp;hxx;h++;hm;inl;inc;ipp;xsd</Extensions>
    </Filter>
    <Filter Include="Private\Main">
      <UniqueIdentifier>{a3b538f5-dc90-46f1-abdf-9edc525223bc}</UniqueIdentifier>
    </Filter>
    <Filter Include="Private\Engine">
      <UniqueIdentifier>{b04a204d-b989-4aba-8f24-0e20585f11a5}</UniqueIdentifier>
    </Filter>
    <Filter Include="Public\Engine">
      <UniqueIdentifier>{301d7e26-258b-4379-9737-75abb77aa313}</UniqueIdentifier>
    </Filter>
    <Filter Include="Private\Renderer">
      <UniqueIdentifier>{177e82d0-1fff-421e-b805-b083f8b28bbc}</UniqueIdentifier>
    </Filter>
    <Filter Include="Public\Renderer">
      <UniqueIdentifier>{cf345a13-48d2-438b-955c-312f0460ccf6}</UniqueIdentifier>
    </Filter>
    <Filter Include="Private\Engine\Base">
      <UniqueIdentifier>{a1d97a3d-88a1-4d93-b48e-4049781bc837}</UniqueIdentifier>
    </Filter>
    <Filter Include="Public\Engine\Base">
      <UniqueIdentifier>{f73e1486-91ff-4e3e-93cb-554aeccdb0d9}</UniqueIdentifier>
    </Filter>
    <Filter Include="Private\Engine\Render">
      <UniqueIdentifier>{c0c83eb6-7f0e-476b-b293-e59c2c2fb05b}</UniqueIdentifier>
    </Filter>
    <Filter Include="Public\Engine\Render">
      <UniqueIdentifier>{c154dd79-867d-47df-890c-069abf37bb62}</UniqueIdentifier>
    </Filter>
    <Filter Include="Shader">
      <UniqueIdentifier>{54858211-7cfa-4db7-ba02-8748dcb86954}</UniqueIdentifier>
    </Filter>
    <Filter Include="Shader\VertexShader">
      <UniqueIdentifier>{f6c51662-017b-4ab8-b204-675741ae43c6}</UniqueIdentifier>
    </Filter>
    <Filter Include="Shader\PixelShader">
      <UniqueIdentifier>{de808d6d-96a8-4b68-8cd8-b21c64ce276b}</UniqueIdentifier>
    </Filter>
    <Filter Include="Public\Library">
      <UniqueIdentifier>{b753e72f-913c-436c-9377-984db863c68b}</UniqueIdentifier>
    </Filter>
    <Filter Include="Public\Library\STB">
      <UniqueIdentifier>{fe6cd94b-2ffa-4dce-b173-9b4eec7f9105}</UniqueIdentifier>
    </Filter>
    <Filter Include="Public\Library\DirectXTK">
      <UniqueIdentifier>{37cb9e01-f9a9-4efd-bbdc-786b5692f2ac}</UniqueIdentifier>
    </Filter>
    <Filter Include="Public\Library\WindowsAPI">
      <UniqueIdentifier>{dff28de4-720b-4fed-b199-7821e6b783d5}</UniqueIdentifier>
    </Filter>
    <Filter Include="Public\Library\IMGUI">
      <UniqueIdentifier>{c10f94b3-0457-4af5-a84e-646fa658fce8}</UniqueIdentifier>
    </Filter>
  </ItemGroup>
  <ItemGroup>
    <ClInclude Include="targetver.h">
      <Filter>Public\Library\WindowsAPI</Filter>
    </ClInclude>
    <ClInclude Include="GraphicsProject.h">
      <Filter>Public\Library\WindowsAPI</Filter>
    </ClInclude>
    <ClInclude Include="Resource.h">
      <Filter>Public\Library\WindowsAPI</Filter>
    </ClInclude>
    <ClInclude Include="framework.h">
      <Filter>Public\Library\WindowsAPI</Filter>
    </ClInclude>
    <ClInclude Include="..\DirectXTK\DDSTextureLoader.h">
      <Filter>Public\Library\DirectXTK</Filter>
    </ClInclude>
    <ClInclude Include="..\DirectXTK\DirectXHelpers.h">
      <Filter>Public\Library\DirectXTK</Filter>
    </ClInclude>
    <ClInclude Include="..\DirectXTK\Effects.h">
      <Filter>Public\Library\DirectXTK</Filter>
    </ClInclude>
    <ClInclude Include="..\DirectXTK\GamePad.h">
      <Filter>Public\Library\DirectXTK</Filter>
    </ClInclude>
    <ClInclude Include="..\DirectXTK\GeometricPrimitive.h">
      <Filter>Public\Library\DirectXTK</Filter>
    </ClInclude>
    <ClInclude Include="..\DirectXTK\GraphicsMemory.h">
      <Filter>Public\Library\DirectXTK</Filter>
    </ClInclude>
    <ClInclude Include="..\DirectXTK\Keyboard.h">
      <Filter>Public\Library\DirectXTK</Filter>
    </ClInclude>
    <ClInclude Include="..\DirectXTK\Model.h">
      <Filter>Public\Library\DirectXTK</Filter>
    </ClInclude>
    <ClInclude Include="..\DirectXTK\Mouse.h">
      <Filter>Public\Library\DirectXTK</Filter>
    </ClInclude>
    <ClInclude Include="..\DirectXTK\PostProcess.h">
      <Filter>Public\Library\DirectXTK</Filter>
    </ClInclude>
    <ClInclude Include="..\DirectXTK\PrimitiveBatch.h">
      <Filter>Public\Library\DirectXTK</Filter>
    </ClInclude>
    <ClInclude Include="..\DirectXTK\ScreenGrab.h">
      <Filter>Public\Library\DirectXTK</Filter>
    </ClInclude>
    <ClInclude Include="..\DirectXTK\SimpleMath.h">
      <Filter>Public\Library\DirectXTK</Filter>
    </ClInclude>
    <ClInclude Include="..\DirectXTK\SpriteBatch.h">
      <Filter>Public\Library\DirectXTK</Filter>
    </ClInclude>
    <ClInclude Include="..\DirectXTK\SpriteFont.h">
      <Filter>Public\Library\DirectXTK</Filter>
    </ClInclude>
    <ClInclude Include="..\DirectXTK\VertexTypes.h">
      <Filter>Public\Library\DirectXTK</Filter>
    </ClInclude>
    <ClInclude Include="..\DirectXTK\WICTextureLoader.h">
      <Filter>Public\Library\DirectXTK</Filter>
    </ClInclude>
    <ClInclude Include="..\DirectXTK\XboxDDSTextureLoader.h">
      <Filter>Public\Library\DirectXTK</Filter>
    </ClInclude>
    <ClInclude Include="..\DirectXTK\Audio.h">
      <Filter>Public\Library\DirectXTK</Filter>
    </ClInclude>
    <ClInclude Include="..\DirectXTK\BufferHelpers.h">
      <Filter>Public\Library\DirectXTK</Filter>
    </ClInclude>
    <ClInclude Include="..\DirectXTK\CommonStates.h">
      <Filter>Public\Library\DirectXTK</Filter>
    </ClInclude>
    <ClInclude Include="RenderBase.h">
      <Filter>Public\Engine\Render</Filter>
    </ClInclude>
    <ClInclude Include="BaseHeader.h">
      <Filter>Public\Engine\Base</Filter>
    </ClInclude>
    <ClInclude Include="EngineBase.h">
      <Filter>Public\Engine\Base</Filter>
    </ClInclude>
    <ClInclude Include="BoxRenderer.h">
      <Filter>Public\Renderer</Filter>
    </ClInclude>
    <ClInclude Include="..\STB\stb_image.h">
      <Filter>Public\Library\STB</Filter>
    </ClInclude>
    <ClInclude Include="..\IMGUI\imgui_impl_dx11.h">
      <Filter>Public\Library\IMGUI</Filter>
    </ClInclude>
    <ClInclude Include="..\IMGUI\imgui_impl_win32.h">
      <Filter>Public\Library\IMGUI</Filter>
    </ClInclude>
    <ClInclude Include="..\IMGUI\imgui_internal.h">
      <Filter>Public\Library\IMGUI</Filter>
    </ClInclude>
    <ClInclude Include="..\IMGUI\imstb_rectpack.h">
      <Filter>Public\Library\IMGUI</Filter>
    </ClInclude>
    <ClInclude Include="..\IMGUI\imstb_textedit.h">
      <Filter>Public\Library\IMGUI</Filter>
    </ClInclude>
    <ClInclude Include="..\IMGUI\imstb_truetype.h">
      <Filter>Public\Library\IMGUI</Filter>
    </ClInclude>
    <ClInclude Include="..\IMGUI\imconfig.h">
      <Filter>Public\Library\IMGUI</Filter>
    </ClInclude>
    <ClInclude Include="..\IMGUI\imgui.h">
      <Filter>Public\Library\IMGUI</Filter>
    </ClInclude>
  </ItemGroup>
  <ItemGroup>
    <None Include="..\DirectXTK\SimpleMath.inl">
      <Filter>Public\Library\DirectXTK</Filter>
    </None>
  </ItemGroup>
  <ItemGroup>
    <ClCompile Include="Main.cpp">
      <Filter>Private\Main</Filter>
    </ClCompile>
    <ClCompile Include="RenderBase.cpp">
      <Filter>Private\Engine\Render</Filter>
    </ClCompile>
    <ClCompile Include="EngineBase.cpp">
      <Filter>Private\Engine\Base</Filter>
    </ClCompile>
    <ClCompile Include="BoxRenderer.cpp">
      <Filter>Private\Renderer</Filter>
    </ClCompile>
    <ClCompile Include="..\IMGUI\imgui_draw.cpp">
      <Filter>Public\Library\IMGUI</Filter>
    </ClCompile>
    <ClCompile Include="..\IMGUI\imgui_impl_dx11.cpp">
      <Filter>Public\Library\IMGUI</Filter>
    </ClCompile>
    <ClCompile Include="..\IMGUI\imgui_impl_win32.cpp">
      <Filter>Public\Library\IMGUI</Filter>
    </ClCompile>
    <ClCompile Include="..\IMGUI\imgui_tables.cpp">
      <Filter>Public\Library\IMGUI</Filter>
    </ClCompile>
    <ClCompile Include="..\IMGUI\imgui_widgets.cpp">
      <Filter>Public\Library\IMGUI</Filter>
    </ClCompile>
    <ClCompile Include="..\IMGUI\imgui.cpp">
      <Filter>Public\Library\IMGUI</Filter>
    </ClCompile>
    <ClCompile Include="..\IMGUI\imgui_demo.cpp">
      <Filter>Public\Library\IMGUI</Filter>
    </ClCompile>
  </ItemGroup>
  <ItemGroup>
    <FxCompile Include="VertexTest.hlsl">
      <Filter>Shader\VertexShader</Filter>
    </FxCompile>
    <FxCompile Include="PixelTest.hlsl">
      <Filter>Shader\PixelShader</Filter>
    </FxCompile>
  </ItemGroup>
</Project>